{
  "version": 4,
  "terraform_version": "1.4.5",
  "serial": 39,
  "lineage": "f1c374f2-e7d7-ee25-1e8d-0dc1a4993bcc",
  "outputs": {},
  "resources": [
    {
      "mode": "data",
      "type": "google_compute_image",
      "name": "image",
      "provider": "provider[\"registry.terraform.io/hashicorp/google\"]",
      "instances": [
        {
          "schema_version": 0,
          "attributes": {
            "archive_size_bytes": -1122703360,
            "creation_timestamp": "2023-03-02T15:36:24.109-08:00",
            "description": "Canonical, Ubuntu, 20.04 LTS, amd64 focal image built on 2023-03-02, supports Shielded VM features",
            "disk_size_gb": 10,
            "family": "ubuntu-2004-lts",
            "filter": null,
            "id": "projects/ubuntu-os-cloud/global/images/ubuntu-2004-focal-v20230302",
            "image_encryption_key_sha256": "",
            "image_id": "8590691149326093337",
            "label_fingerprint": "42WmSpB8rSM=",
            "labels": {},
            "licenses": [
              "https://www.googleapis.com/compute/v1/projects/ubuntu-os-cloud/global/licenses/ubuntu-2004-lts"
            ],
            "name": "ubuntu-2004-focal-v20230302",
            "project": "ubuntu-os-cloud",
            "self_link": "https://www.googleapis.com/compute/v1/projects/ubuntu-os-cloud/global/images/ubuntu-2004-focal-v20230302",
            "source_disk": "",
            "source_disk_encryption_key_sha256": "",
            "source_disk_id": "",
            "source_image_id": "",
            "status": "READY"
          },
          "sensitive_attributes": []
        }
      ]
    },
    {
      "mode": "data",
      "type": "google_compute_network",
      "name": "vpc",
      "provider": "provider[\"registry.terraform.io/hashicorp/google\"]",
      "instances": [
        {
          "schema_version": 0,
          "attributes": {
            "description": "",
            "gateway_ipv4": "",
            "id": "projects/onyx-hangout-380014/global/networks/terraform-test",
            "name": "terraform-test",
            "project": null,
            "self_link": "https://www.googleapis.com/compute/v1/projects/onyx-hangout-380014/global/networks/terraform-test",
            "subnetworks_self_links": [
              "https://www.googleapis.com/compute/v1/projects/onyx-hangout-380014/regions/asia-northeast1/subnetworks/terraform-test",
              "https://www.googleapis.com/compute/v1/projects/onyx-hangout-380014/regions/asia-northeast2/subnetworks/terraform-test",
              "https://www.googleapis.com/compute/v1/projects/onyx-hangout-380014/regions/southamerica-west1/subnetworks/terraform-test",
              "https://www.googleapis.com/compute/v1/projects/onyx-hangout-380014/regions/us-east5/subnetworks/terraform-test",
              "https://www.googleapis.com/compute/v1/projects/onyx-hangout-380014/regions/europe-west2/subnetworks/terraform-test",
              "https://www.googleapis.com/compute/v1/projects/onyx-hangout-380014/regions/europe-west1/subnetworks/terraform-test",
              "https://www.googleapis.com/compute/v1/projects/onyx-hangout-380014/regions/europe-west9/subnetworks/terraform-test",
              "https://www.googleapis.com/compute/v1/projects/onyx-hangout-380014/regions/us-east1/subnetworks/terraform-test",
              "https://www.googleapis.com/compute/v1/projects/onyx-hangout-380014/regions/australia-southeast2/subnetworks/terraform-test",
              "https://www.googleapis.com/compute/v1/projects/onyx-hangout-380014/regions/us-east4/subnetworks/terraform-test",
              "https://www.googleapis.com/compute/v1/projects/onyx-hangout-380014/regions/us-west2/subnetworks/terraform-test",
              "https://www.googleapis.com/compute/v1/projects/onyx-hangout-380014/regions/us-south1/subnetworks/terraform-test",
              "https://www.googleapis.com/compute/v1/projects/onyx-hangout-380014/regions/us-west3/subnetworks/terraform-test",
              "https://www.googleapis.com/compute/v1/projects/onyx-hangout-380014/regions/europe-west12/subnetworks/terraform-test",
              "https://www.googleapis.com/compute/v1/projects/onyx-hangout-380014/regions/asia-east1/subnetworks/terraform-test",
              "https://www.googleapis.com/compute/v1/projects/onyx-hangout-380014/regions/asia-south2/subnetworks/terraform-test",
              "https://www.googleapis.com/compute/v1/projects/onyx-hangout-380014/regions/europe-west8/subnetworks/terraform-test",
              "https://www.googleapis.com/compute/v1/projects/onyx-hangout-380014/regions/me-west1/subnetworks/terraform-test",
              "https://www.googleapis.com/compute/v1/projects/onyx-hangout-380014/regions/europe-central2/subnetworks/terraform-test",
              "https://www.googleapis.com/compute/v1/projects/onyx-hangout-380014/regions/me-central1/subnetworks/terraform-test",
              "https://www.googleapis.com/compute/v1/projects/onyx-hangout-380014/regions/us-east1/subnetworks/subnet-vm",
              "https://www.googleapis.com/compute/v1/projects/onyx-hangout-380014/regions/us-central1/subnetworks/terraform-test",
              "https://www.googleapis.com/compute/v1/projects/onyx-hangout-380014/regions/northamerica-northeast1/subnetworks/terraform-test",
              "https://www.googleapis.com/compute/v1/projects/onyx-hangout-380014/regions/asia-southeast2/subnetworks/terraform-test",
              "https://www.googleapis.com/compute/v1/projects/onyx-hangout-380014/regions/us-west4/subnetworks/terraform-test",
              "https://www.googleapis.com/compute/v1/projects/onyx-hangout-380014/regions/europe-west3/subnetworks/terraform-test",
              "https://www.googleapis.com/compute/v1/projects/onyx-hangout-380014/regions/northamerica-northeast2/subnetworks/terraform-test",
              "https://www.googleapis.com/compute/v1/projects/onyx-hangout-380014/regions/asia-southeast1/subnetworks/terraform-test",
              "https://www.googleapis.com/compute/v1/projects/onyx-hangout-380014/regions/us-west1/subnetworks/terraform-test",
              "https://www.googleapis.com/compute/v1/projects/onyx-hangout-380014/regions/asia-east2/subnetworks/terraform-test",
              "https://www.googleapis.com/compute/v1/projects/onyx-hangout-380014/regions/europe-north1/subnetworks/terraform-test",
              "https://www.googleapis.com/compute/v1/projects/onyx-hangout-380014/regions/asia-south1/subnetworks/terraform-test",
              "https://www.googleapis.com/compute/v1/projects/onyx-hangout-380014/regions/australia-southeast1/subnetworks/terraform-test",
              "https://www.googleapis.com/compute/v1/projects/onyx-hangout-380014/regions/southamerica-east1/subnetworks/terraform-test",
              "https://www.googleapis.com/compute/v1/projects/onyx-hangout-380014/regions/europe-southwest1/subnetworks/terraform-test",
              "https://www.googleapis.com/compute/v1/projects/onyx-hangout-380014/regions/asia-northeast3/subnetworks/terraform-test",
              "https://www.googleapis.com/compute/v1/projects/onyx-hangout-380014/regions/europe-west6/subnetworks/terraform-test",
              "https://www.googleapis.com/compute/v1/projects/onyx-hangout-380014/regions/europe-west4/subnetworks/terraform-test"
            ]
          },
          "sensitive_attributes": []
        }
      ]
    },
    {
      "mode": "data",
      "type": "google_compute_subnetwork",
      "name": "subnetwork",
      "provider": "provider[\"registry.terraform.io/hashicorp/google\"]",
      "instances": [
        {
          "schema_version": 0,
          "attributes": {
            "description": "",
            "gateway_address": "10.30.8.1",
            "id": "projects/onyx-hangout-380014/regions/us-east1/subnetworks/subnet-vm",
            "ip_cidr_range": "10.30.8.0/25",
            "name": "subnet-vm",
            "network": "https://www.googleapis.com/compute/v1/projects/onyx-hangout-380014/global/networks/terraform-test",
            "private_ip_google_access": false,
            "project": "onyx-hangout-380014",
            "region": "us-east1",
            "secondary_ip_range": [],
            "self_link": "https://www.googleapis.com/compute/v1/projects/onyx-hangout-380014/regions/us-east1/subnetworks/subnet-vm"
          },
          "sensitive_attributes": []
        }
      ]
    },
    {
      "mode": "data",
      "type": "template_file",
      "name": "startup_script",
      "provider": "provider[\"registry.terraform.io/hashicorp/template\"]",
      "instances": [
        {
          "schema_version": 0,
          "attributes": {
            "filename": null,
            "id": "2c210619f61b843fe4b21e3c53c22b19837f1ca18b5f63efa4ca64a9345a593b",
            "rendered": "#!/bin/bash -xe\n#Prakash - administrator\nuseradd prakash.c01\nmkdir -p /home/prakash.c01/.ssh\nchmod 700 /home/prakash.c01/.ssh\necho 'ecdsa-sha2-nistp521 AAAAE2VjZHNhLXNoYTItbmlzdHA1MjEAAAAIbmlzdHA1MjEAAACFBAC+fNvsOfj0DcNXWr7XvZsLVhSu6+cTBgRG01McAlyK3ejotBB/MK8De9HY4Vwz6MnOvVcAqFbpfb9f1gMG1Kr/NAEwpsQs6qGBC639Ugk5R3yijmZNCAU5sxItgM8g+Qmi3jzQsdMFt/2XQJqy9fWsGQMtV85Rr7b1t9+wvLHHVkrcKw== prakash.c01' \u003e /home/prakash.c01/.ssh/authorized_keys\nchmod 600 /home/prakash.c01/.ssh/authorized_keys\nchown -R prakash.c01:prakash.c01 /home/prakash.c01/.ssh\necho 'prakash.c01 ALL=(ALL) NOPASSWD:ALL' \u003e\u003e /etc/sudoers.d/90-cloud-init-users",
            "template": "#!/bin/bash -xe\n#Prakash - administrator\nuseradd prakash.c01\nmkdir -p /home/prakash.c01/.ssh\nchmod 700 /home/prakash.c01/.ssh\necho 'ecdsa-sha2-nistp521 AAAAE2VjZHNhLXNoYTItbmlzdHA1MjEAAAAIbmlzdHA1MjEAAACFBAC+fNvsOfj0DcNXWr7XvZsLVhSu6+cTBgRG01McAlyK3ejotBB/MK8De9HY4Vwz6MnOvVcAqFbpfb9f1gMG1Kr/NAEwpsQs6qGBC639Ugk5R3yijmZNCAU5sxItgM8g+Qmi3jzQsdMFt/2XQJqy9fWsGQMtV85Rr7b1t9+wvLHHVkrcKw== prakash.c01' \u003e /home/prakash.c01/.ssh/authorized_keys\nchmod 600 /home/prakash.c01/.ssh/authorized_keys\nchown -R prakash.c01:prakash.c01 /home/prakash.c01/.ssh\necho 'prakash.c01 ALL=(ALL) NOPASSWD:ALL' \u003e\u003e /etc/sudoers.d/90-cloud-init-users",
            "vars": null
          },
          "sensitive_attributes": []
        }
      ]
    },
    {
      "module": "module.gce",
      "mode": "managed",
      "type": "google_compute_address",
      "name": "public_ip",
      "provider": "provider[\"registry.terraform.io/hashicorp/google\"]",
      "instances": [
        {
          "schema_version": 0,
          "attributes": {
            "address": "34.138.246.168",
            "address_type": "EXTERNAL",
            "creation_timestamp": "2023-04-27T08:58:12.620-07:00",
            "description": "",
            "id": "projects/onyx-hangout-380014/regions/us-east1/addresses/my-instance-ip",
            "name": "my-instance-ip",
            "network": "",
            "network_tier": "PREMIUM",
            "prefix_length": 0,
            "project": "onyx-hangout-380014",
            "purpose": "",
            "region": "us-east1",
            "self_link": "https://www.googleapis.com/compute/v1/projects/onyx-hangout-380014/regions/us-east1/addresses/my-instance-ip",
            "subnetwork": "",
            "timeouts": null,
            "users": []
          },
          "sensitive_attributes": [],
          "private": "eyJlMmJmYjczMC1lY2FhLTExZTYtOGY4OC0zNDM2M2JjN2M0YzAiOnsiY3JlYXRlIjoxMjAwMDAwMDAwMDAwLCJkZWxldGUiOjEyMDAwMDAwMDAwMDB9fQ=="
        }
      ]
    },
    {
      "module": "module.gce",
      "mode": "managed",
      "type": "google_compute_instance",
      "name": "gce_instance",
      "provider": "provider[\"registry.terraform.io/hashicorp/google\"]",
      "instances": [
        {
          "schema_version": 6,
          "attributes": {
            "advanced_machine_features": [],
            "allow_stopping_for_update": null,
            "attached_disk": [],
            "boot_disk": [
              {
                "auto_delete": true,
                "device_name": "persistent-disk-0",
                "disk_encryption_key_raw": "",
                "disk_encryption_key_sha256": "",
                "initialize_params": [
                  {
                    "image": "https://www.googleapis.com/compute/v1/projects/ubuntu-os-cloud/global/images/ubuntu-2004-focal-v20230302",
                    "labels": {},
                    "size": 10,
                    "type": "pd-standard"
                  }
                ],
                "kms_key_self_link": "",
                "mode": "READ_WRITE",
                "source": "https://www.googleapis.com/compute/v1/projects/onyx-hangout-380014/zones/us-east1-b/disks/gcp-terraform-test-vm"
              }
            ],
            "can_ip_forward": false,
            "confidential_instance_config": [],
            "cpu_platform": "Intel Haswell",
            "current_status": "RUNNING",
            "deletion_protection": false,
            "description": "",
            "desired_status": null,
            "enable_display": false,
            "guest_accelerator": [],
            "hostname": "",
            "id": "projects/onyx-hangout-380014/zones/us-east1-b/instances/gcp-terraform-test-vm",
            "instance_id": "8721206465196926325",
            "label_fingerprint": "42WmSpB8rSM=",
            "labels": null,
            "machine_type": "f1-micro",
            "metadata": {
              "startup-script": "IyEvYmluL2Jhc2ggLXhlCiNQcmFrYXNoIC0gYWRtaW5pc3RyYXRvcgp1c2VyYWRkIHByYWthc2guYzAxCm1rZGlyIC1wIC9ob21lL3ByYWthc2guYzAxLy5zc2gKY2htb2QgNzAwIC9ob21lL3ByYWthc2guYzAxLy5zc2gKZWNobyAnZWNkc2Etc2hhMi1uaXN0cDUyMSBBQUFBRTJWalpITmhMWE5vWVRJdGJtbHpkSEExTWpFQUFBQUlibWx6ZEhBMU1qRUFBQUNGQkFDK2ZOdnNPZmowRGNOWFdyN1h2WnNMVmhTdTYrY1RCZ1JHMDFNY0FseUszZWpvdEJCL01LOERlOUhZNFZ3ejZNbk92VmNBcUZicGZiOWYxZ01HMUtyL05BRXdwc1FzNnFHQkM2MzlVZ2s1UjN5aWptWk5DQVU1c3hJdGdNOGcrUW1pM2p6UXNkTUZ0LzJYUUpxeTlmV3NHUU10Vjg1UnI3YjF0OSt3dkxISFZrcmNLdz09IHByYWthc2guYzAxJyA+IC9ob21lL3ByYWthc2guYzAxLy5zc2gvYXV0aG9yaXplZF9rZXlzCmNobW9kIDYwMCAvaG9tZS9wcmFrYXNoLmMwMS8uc3NoL2F1dGhvcml6ZWRfa2V5cwpjaG93biAtUiBwcmFrYXNoLmMwMTpwcmFrYXNoLmMwMSAvaG9tZS9wcmFrYXNoLmMwMS8uc3NoCmVjaG8gJ3ByYWthc2guYzAxIEFMTD0oQUxMKSBOT1BBU1NXRDpBTEwnID4+IC9ldGMvc3Vkb2Vycy5kLzkwLWNsb3VkLWluaXQtdXNlcnM="
            },
            "metadata_fingerprint": "1OeV1DnhZ78=",
            "metadata_startup_script": null,
            "min_cpu_platform": "",
            "name": "gcp-terraform-test-vm",
            "network_interface": [
              {
                "access_config": [
                  {
                    "nat_ip": "34.138.246.168",
                    "network_tier": "PREMIUM",
                    "public_ptr_domain_name": ""
                  }
                ],
                "alias_ip_range": [],
                "ipv6_access_config": [],
                "ipv6_access_type": "",
                "name": "nic0",
                "network": "https://www.googleapis.com/compute/v1/projects/onyx-hangout-380014/global/networks/terraform-test",
                "network_ip": "10.30.8.6",
                "nic_type": "",
                "queue_count": 0,
                "stack_type": "IPV4_ONLY",
                "subnetwork": "https://www.googleapis.com/compute/v1/projects/onyx-hangout-380014/regions/us-east1/subnetworks/subnet-vm",
                "subnetwork_project": "onyx-hangout-380014"
              }
            ],
            "project": "onyx-hangout-380014",
            "reservation_affinity": [],
            "resource_policies": null,
            "scheduling": [
              {
                "automatic_restart": true,
                "instance_termination_action": "",
                "min_node_cpus": 0,
                "node_affinities": [],
                "on_host_maintenance": "MIGRATE",
                "preemptible": false,
                "provisioning_model": "STANDARD"
              }
            ],
            "scratch_disk": [],
            "self_link": "https://www.googleapis.com/compute/v1/projects/onyx-hangout-380014/zones/us-east1-b/instances/gcp-terraform-test-vm",
            "service_account": [],
            "shielded_instance_config": [
              {
                "enable_integrity_monitoring": true,
                "enable_secure_boot": false,
                "enable_vtpm": true
              }
            ],
            "tags": [
              "hsbc",
              "test",
              "tf"
            ],
            "tags_fingerprint": "WgUevY3fSLI=",
            "timeouts": null,
            "zone": "us-east1-b"
          },
          "sensitive_attributes": [],
          "private": "eyJlMmJmYjczMC1lY2FhLTExZTYtOGY4OC0zNDM2M2JjN2M0YzAiOnsiY3JlYXRlIjoxMjAwMDAwMDAwMDAwLCJkZWxldGUiOjEyMDAwMDAwMDAwMDAsInVwZGF0ZSI6MTIwMDAwMDAwMDAwMH0sInNjaGVtYV92ZXJzaW9uIjoiNiJ9",
          "dependencies": [
            "data.google_compute_image.image",
            "data.google_compute_subnetwork.subnetwork",
            "data.template_file.startup_script",
            "module.gce.google_compute_address.public_ip"
          ]
        }
      ]
    }
  ],
  "check_results": null
}
