{
  "version": 4,
  "terraform_version": "1.4.5",
  "serial": 52,
  "lineage": "e6b300bf-bbe9-9c94-db5e-682ad10e1ec9",
  "outputs": {},
  "resources": [
    {
      "mode": "data",
      "type": "google_compute_image",
      "name": "image",
      "provider": "provider[\"registry.terraform.io/hashicorp/google\"]",
      "instances": [
        {
          "schema_version": 0,
          "attributes": {
            "archive_size_bytes": -1122703360,
            "creation_timestamp": "2023-03-02T15:36:24.109-08:00",
            "description": "Canonical, Ubuntu, 20.04 LTS, amd64 focal image built on 2023-03-02, supports Shielded VM features",
            "disk_size_gb": 10,
            "family": "ubuntu-2004-lts",
            "filter": null,
            "id": "projects/ubuntu-os-cloud/global/images/ubuntu-2004-focal-v20230302",
            "image_encryption_key_sha256": "",
            "image_id": "8590691149326093337",
            "label_fingerprint": "42WmSpB8rSM=",
            "labels": {},
            "licenses": [
              "https://www.googleapis.com/compute/v1/projects/ubuntu-os-cloud/global/licenses/ubuntu-2004-lts"
            ],
            "name": "ubuntu-2004-focal-v20230302",
            "project": "ubuntu-os-cloud",
            "self_link": "https://www.googleapis.com/compute/v1/projects/ubuntu-os-cloud/global/images/ubuntu-2004-focal-v20230302",
            "source_disk": "",
            "source_disk_encryption_key_sha256": "",
            "source_disk_id": "",
            "source_image_id": "",
            "status": "READY"
          },
          "sensitive_attributes": []
        }
      ]
    },
    {
      "mode": "data",
      "type": "google_compute_network",
      "name": "vpc",
      "provider": "provider[\"registry.terraform.io/hashicorp/google\"]",
      "instances": [
        {
          "schema_version": 0,
          "attributes": {
            "description": "",
            "gateway_ipv4": "",
            "id": "projects/onyx-hangout-380014/global/networks/terraform-test",
            "name": "terraform-test",
            "project": null,
            "self_link": "https://www.googleapis.com/compute/v1/projects/onyx-hangout-380014/global/networks/terraform-test",
            "subnetworks_self_links": [
              "https://www.googleapis.com/compute/v1/projects/onyx-hangout-380014/regions/asia-northeast1/subnetworks/terraform-test",
              "https://www.googleapis.com/compute/v1/projects/onyx-hangout-380014/regions/asia-northeast2/subnetworks/terraform-test",
              "https://www.googleapis.com/compute/v1/projects/onyx-hangout-380014/regions/southamerica-west1/subnetworks/terraform-test",
              "https://www.googleapis.com/compute/v1/projects/onyx-hangout-380014/regions/us-east5/subnetworks/terraform-test",
              "https://www.googleapis.com/compute/v1/projects/onyx-hangout-380014/regions/europe-west2/subnetworks/terraform-test",
              "https://www.googleapis.com/compute/v1/projects/onyx-hangout-380014/regions/europe-west1/subnetworks/terraform-test",
              "https://www.googleapis.com/compute/v1/projects/onyx-hangout-380014/regions/europe-west9/subnetworks/terraform-test",
              "https://www.googleapis.com/compute/v1/projects/onyx-hangout-380014/regions/us-east1/subnetworks/terraform-test",
              "https://www.googleapis.com/compute/v1/projects/onyx-hangout-380014/regions/australia-southeast2/subnetworks/terraform-test",
              "https://www.googleapis.com/compute/v1/projects/onyx-hangout-380014/regions/us-east4/subnetworks/terraform-test",
              "https://www.googleapis.com/compute/v1/projects/onyx-hangout-380014/regions/us-west2/subnetworks/terraform-test",
              "https://www.googleapis.com/compute/v1/projects/onyx-hangout-380014/regions/us-south1/subnetworks/terraform-test",
              "https://www.googleapis.com/compute/v1/projects/onyx-hangout-380014/regions/us-west3/subnetworks/terraform-test",
              "https://www.googleapis.com/compute/v1/projects/onyx-hangout-380014/regions/europe-west12/subnetworks/terraform-test",
              "https://www.googleapis.com/compute/v1/projects/onyx-hangout-380014/regions/asia-east1/subnetworks/terraform-test",
              "https://www.googleapis.com/compute/v1/projects/onyx-hangout-380014/regions/asia-south2/subnetworks/terraform-test",
              "https://www.googleapis.com/compute/v1/projects/onyx-hangout-380014/regions/europe-west8/subnetworks/terraform-test",
              "https://www.googleapis.com/compute/v1/projects/onyx-hangout-380014/regions/me-west1/subnetworks/terraform-test",
              "https://www.googleapis.com/compute/v1/projects/onyx-hangout-380014/regions/europe-central2/subnetworks/terraform-test",
              "https://www.googleapis.com/compute/v1/projects/onyx-hangout-380014/regions/me-central1/subnetworks/terraform-test",
              "https://www.googleapis.com/compute/v1/projects/onyx-hangout-380014/regions/us-east1/subnetworks/subnet-vm",
              "https://www.googleapis.com/compute/v1/projects/onyx-hangout-380014/regions/us-east7/subnetworks/terraform-test",
              "https://www.googleapis.com/compute/v1/projects/onyx-hangout-380014/regions/us-central1/subnetworks/terraform-test",
              "https://www.googleapis.com/compute/v1/projects/onyx-hangout-380014/regions/northamerica-northeast1/subnetworks/terraform-test",
              "https://www.googleapis.com/compute/v1/projects/onyx-hangout-380014/regions/asia-southeast2/subnetworks/terraform-test",
              "https://www.googleapis.com/compute/v1/projects/onyx-hangout-380014/regions/us-west4/subnetworks/terraform-test",
              "https://www.googleapis.com/compute/v1/projects/onyx-hangout-380014/regions/europe-west3/subnetworks/terraform-test",
              "https://www.googleapis.com/compute/v1/projects/onyx-hangout-380014/regions/northamerica-northeast2/subnetworks/terraform-test",
              "https://www.googleapis.com/compute/v1/projects/onyx-hangout-380014/regions/asia-southeast1/subnetworks/terraform-test",
              "https://www.googleapis.com/compute/v1/projects/onyx-hangout-380014/regions/us-west1/subnetworks/terraform-test",
              "https://www.googleapis.com/compute/v1/projects/onyx-hangout-380014/regions/asia-east2/subnetworks/terraform-test",
              "https://www.googleapis.com/compute/v1/projects/onyx-hangout-380014/regions/europe-north1/subnetworks/terraform-test",
              "https://www.googleapis.com/compute/v1/projects/onyx-hangout-380014/regions/asia-south1/subnetworks/terraform-test",
              "https://www.googleapis.com/compute/v1/projects/onyx-hangout-380014/regions/australia-southeast1/subnetworks/terraform-test",
              "https://www.googleapis.com/compute/v1/projects/onyx-hangout-380014/regions/southamerica-east1/subnetworks/terraform-test",
              "https://www.googleapis.com/compute/v1/projects/onyx-hangout-380014/regions/europe-southwest1/subnetworks/terraform-test",
              "https://www.googleapis.com/compute/v1/projects/onyx-hangout-380014/regions/asia-northeast3/subnetworks/terraform-test",
              "https://www.googleapis.com/compute/v1/projects/onyx-hangout-380014/regions/europe-west6/subnetworks/terraform-test",
              "https://www.googleapis.com/compute/v1/projects/onyx-hangout-380014/regions/europe-west4/subnetworks/terraform-test"
            ]
          },
          "sensitive_attributes": []
        }
      ]
    },
    {
      "mode": "data",
      "type": "template_file",
      "name": "startup_script",
      "provider": "provider[\"registry.terraform.io/hashicorp/template\"]",
      "instances": [
        {
          "schema_version": 0,
          "attributes": {
            "filename": null,
            "id": "6507dea631b1e5d8ae4cc83aeb59f4f2a7ad59ea54fe00bc4a037ca7f26bbcc1",
            "rendered": "#!/bin/bash -xe\n\napt-get update\napt-get install -y nginx\n\nsystemctl enable nginx\nsystemctl start nginx",
            "template": "#!/bin/bash -xe\n\napt-get update\napt-get install -y nginx\n\nsystemctl enable nginx\nsystemctl start nginx",
            "vars": null
          },
          "sensitive_attributes": []
        }
      ]
    },
    {
      "module": "module.mig",
      "mode": "managed",
      "type": "google_compute_autoscaler",
      "name": "autoscaler",
      "provider": "provider[\"registry.terraform.io/hashicorp/google\"]",
      "instances": [
        {
          "schema_version": 0,
          "attributes": {
            "autoscaling_policy": [
              {
                "cooldown_period": 30,
                "cpu_utilization": [
                  {
                    "predictive_method": "NONE",
                    "target": 0.7
                  }
                ],
                "load_balancing_utilization": [],
                "max_replicas": 3,
                "metric": [],
                "min_replicas": 1,
                "mode": "ON",
                "scale_in_control": [],
                "scaling_schedules": []
              }
            ],
            "creation_timestamp": "2023-04-28T00:58:07.354-07:00",
            "description": "",
            "id": "projects/onyx-hangout-380014/zones/us-east1-b/autoscalers/test-mig-autoscaler",
            "name": "test-mig-autoscaler",
            "project": "onyx-hangout-380014",
            "self_link": "https://www.googleapis.com/compute/v1/projects/onyx-hangout-380014/zones/us-east1-b/autoscalers/test-mig-autoscaler",
            "target": "https://www.googleapis.com/compute/v1/projects/onyx-hangout-380014/zones/us-east1-b/instanceGroupManagers/web-instance-group-manager",
            "timeouts": null,
            "zone": "https://www.googleapis.com/compute/v1/projects/onyx-hangout-380014/zones/us-east1-b"
          },
          "sensitive_attributes": [],
          "private": "eyJlMmJmYjczMC1lY2FhLTExZTYtOGY4OC0zNDM2M2JjN2M0YzAiOnsiY3JlYXRlIjoxMjAwMDAwMDAwMDAwLCJkZWxldGUiOjEyMDAwMDAwMDAwMDAsInVwZGF0ZSI6MTIwMDAwMDAwMDAwMH19",
          "dependencies": [
            "data.google_compute_image.image",
            "data.google_compute_network.vpc",
            "data.template_file.startup_script",
            "module.mig.google_compute_http_health_check.compute",
            "module.mig.google_compute_instance_group_manager.instance_group_manager",
            "module.mig.google_compute_instance_template.instance_template",
            "module.mig.google_compute_target_pool.compute"
          ]
        }
      ]
    },
    {
      "module": "module.mig",
      "mode": "managed",
      "type": "google_compute_http_health_check",
      "name": "compute",
      "provider": "provider[\"registry.terraform.io/hashicorp/google\"]",
      "instances": [
        {
          "schema_version": 0,
          "attributes": {
            "check_interval_sec": 5,
            "creation_timestamp": "2023-04-28T00:57:29.266-07:00",
            "description": "",
            "healthy_threshold": 2,
            "host": "",
            "id": "projects/onyx-hangout-380014/global/httpHealthChecks/test-mig-compute-hc",
            "name": "test-mig-compute-hc",
            "port": 80,
            "project": "onyx-hangout-380014",
            "request_path": "/",
            "self_link": "https://www.googleapis.com/compute/v1/projects/onyx-hangout-380014/global/httpHealthChecks/test-mig-compute-hc",
            "timeout_sec": 5,
            "timeouts": null,
            "unhealthy_threshold": 2
          },
          "sensitive_attributes": [],
          "private": "eyJlMmJmYjczMC1lY2FhLTExZTYtOGY4OC0zNDM2M2JjN2M0YzAiOnsiY3JlYXRlIjoxMjAwMDAwMDAwMDAwLCJkZWxldGUiOjEyMDAwMDAwMDAwMDAsInVwZGF0ZSI6MTIwMDAwMDAwMDAwMH19"
        }
      ]
    },
    {
      "module": "module.mig",
      "mode": "managed",
      "type": "google_compute_instance_group_manager",
      "name": "instance_group_manager",
      "provider": "provider[\"registry.terraform.io/hashicorp/google\"]",
      "instances": [
        {
          "schema_version": 0,
          "attributes": {
            "auto_healing_policies": [],
            "base_instance_name": "web-instance",
            "description": "",
            "fingerprint": "efYuqQs6RYU=",
            "id": "projects/onyx-hangout-380014/zones/us-east1-b/instanceGroupManagers/web-instance-group-manager",
            "instance_group": "https://www.googleapis.com/compute/v1/projects/onyx-hangout-380014/zones/us-east1-b/instanceGroups/web-instance-group-manager",
            "list_managed_instances_results": "PAGELESS",
            "name": "web-instance-group-manager",
            "named_port": [
              {
                "name": "http-service-port",
                "port": 80
              }
            ],
            "operation": null,
            "project": "onyx-hangout-380014",
            "self_link": "https://www.googleapis.com/compute/v1/projects/onyx-hangout-380014/zones/us-east1-b/instanceGroupManagers/web-instance-group-manager",
            "stateful_disk": [],
            "status": [
              {
                "is_stable": false,
                "stateful": [
                  {
                    "has_stateful_config": false,
                    "per_instance_configs": [
                      {
                        "all_effective": true
                      }
                    ]
                  }
                ],
                "version_target": [
                  {
                    "is_reached": true
                  }
                ]
              }
            ],
            "target_pools": [
              "https://www.googleapis.com/compute/v1/projects/onyx-hangout-380014/regions/us-east1/targetPools/test-mig-target-pool"
            ],
            "target_size": 2,
            "timeouts": null,
            "update_policy": [
              {
                "max_surge_fixed": 1,
                "max_surge_percent": 0,
                "max_unavailable_fixed": 1,
                "max_unavailable_percent": 0,
                "minimal_action": "REPLACE",
                "most_disruptive_allowed_action": "",
                "replacement_method": "SUBSTITUTE",
                "type": "OPPORTUNISTIC"
              }
            ],
            "version": [
              {
                "instance_template": "https://www.googleapis.com/compute/v1/projects/onyx-hangout-380014/global/instanceTemplates/test-web-instance-template20230428075726053400000001",
                "name": "",
                "target_size": []
              }
            ],
            "wait_for_instances": false,
            "wait_for_instances_status": "STABLE",
            "zone": "us-east1-b"
          },
          "sensitive_attributes": [],
          "private": "eyJlMmJmYjczMC1lY2FhLTExZTYtOGY4OC0zNDM2M2JjN2M0YzAiOnsiY3JlYXRlIjo5MDAwMDAwMDAwMDAsImRlbGV0ZSI6OTAwMDAwMDAwMDAwLCJ1cGRhdGUiOjkwMDAwMDAwMDAwMH19",
          "dependencies": [
            "data.google_compute_image.image",
            "data.google_compute_network.vpc",
            "data.template_file.startup_script",
            "module.mig.google_compute_http_health_check.compute",
            "module.mig.google_compute_instance_template.instance_template",
            "module.mig.google_compute_target_pool.compute"
          ]
        }
      ]
    },
    {
      "module": "module.mig",
      "mode": "managed",
      "type": "google_compute_instance_template",
      "name": "instance_template",
      "provider": "provider[\"registry.terraform.io/hashicorp/google\"]",
      "instances": [
        {
          "schema_version": 1,
          "attributes": {
            "advanced_machine_features": [],
            "can_ip_forward": false,
            "confidential_instance_config": null,
            "description": "",
            "disk": [
              {
                "auto_delete": true,
                "boot": true,
                "device_name": "persistent-disk-0",
                "disk_encryption_key": [],
                "disk_name": "",
                "disk_size_gb": 128,
                "disk_type": "pd-standard",
                "interface": "SCSI",
                "labels": null,
                "mode": "READ_WRITE",
                "resource_policies": null,
                "source": "",
                "source_image": "projects/ubuntu-os-cloud/global/images/ubuntu-2004-focal-v20230302",
                "source_image_encryption_key": [],
                "source_snapshot": "",
                "source_snapshot_encryption_key": [],
                "type": "PERSISTENT"
              }
            ],
            "guest_accelerator": [],
            "id": "projects/onyx-hangout-380014/global/instanceTemplates/test-web-instance-template20230428075726053400000001",
            "instance_description": "",
            "labels": null,
            "machine_type": "f1-micro",
            "metadata": {
              "startup-script": "IyEvYmluL2Jhc2ggLXhlCgphcHQtZ2V0IHVwZGF0ZQphcHQtZ2V0IGluc3RhbGwgLXkgbmdpbngKCnN5c3RlbWN0bCBlbmFibGUgbmdpbngKc3lzdGVtY3RsIHN0YXJ0IG5naW54"
            },
            "metadata_fingerprint": "2x4Y3qZ7mQI=",
            "metadata_startup_script": null,
            "min_cpu_platform": "",
            "name": "test-web-instance-template20230428075726053400000001",
            "name_prefix": "test-web-instance-template",
            "network_interface": [
              {
                "access_config": [
                  {
                    "nat_ip": "",
                    "network_tier": "PREMIUM",
                    "public_ptr_domain_name": ""
                  }
                ],
                "alias_ip_range": [],
                "ipv6_access_config": [],
                "ipv6_access_type": "",
                "name": "nic0",
                "network": "https://www.googleapis.com/compute/v1/projects/onyx-hangout-380014/global/networks/terraform-test",
                "network_ip": "",
                "nic_type": "",
                "queue_count": 0,
                "stack_type": "",
                "subnetwork": "https://www.googleapis.com/compute/v1/projects/onyx-hangout-380014/regions/us-east1/subnetworks/terraform-test",
                "subnetwork_project": "onyx-hangout-380014"
              }
            ],
            "project": "onyx-hangout-380014",
            "region": "us-east1",
            "reservation_affinity": [],
            "resource_policies": null,
            "scheduling": [
              {
                "automatic_restart": true,
                "instance_termination_action": "",
                "min_node_cpus": 0,
                "node_affinities": [],
                "on_host_maintenance": "MIGRATE",
                "preemptible": false,
                "provisioning_model": "STANDARD"
              }
            ],
            "self_link": "https://www.googleapis.com/compute/v1/projects/onyx-hangout-380014/global/instanceTemplates/test-web-instance-template20230428075726053400000001",
            "self_link_unique": "https://www.googleapis.com/compute/v1/projects/onyx-hangout-380014/global/instanceTemplates/test-web-instance-template20230428075726053400000001?uniqueId=6902512270331789957",
            "service_account": [],
            "shielded_instance_config": [],
            "tags": null,
            "tags_fingerprint": "",
            "timeouts": null
          },
          "sensitive_attributes": [],
          "private": "eyJlMmJmYjczMC1lY2FhLTExZTYtOGY4OC0zNDM2M2JjN2M0YzAiOnsiY3JlYXRlIjoyNDAwMDAwMDAwMDAsImRlbGV0ZSI6MjQwMDAwMDAwMDAwfSwic2NoZW1hX3ZlcnNpb24iOiIxIn0=",
          "dependencies": [
            "data.google_compute_image.image",
            "data.google_compute_network.vpc",
            "data.template_file.startup_script"
          ],
          "create_before_destroy": true
        }
      ]
    },
    {
      "module": "module.mig",
      "mode": "managed",
      "type": "google_compute_target_pool",
      "name": "compute",
      "provider": "provider[\"registry.terraform.io/hashicorp/google\"]",
      "instances": [
        {
          "schema_version": 0,
          "attributes": {
            "backup_pool": "",
            "description": "",
            "failover_ratio": 0,
            "health_checks": [
              "https://www.googleapis.com/compute/v1/projects/onyx-hangout-380014/global/httpHealthChecks/test-mig-compute-hc"
            ],
            "id": "projects/onyx-hangout-380014/regions/us-east1/targetPools/test-mig-target-pool",
            "instances": [],
            "name": "test-mig-target-pool",
            "project": "onyx-hangout-380014",
            "region": "us-east1",
            "self_link": "https://www.googleapis.com/compute/v1/projects/onyx-hangout-380014/regions/us-east1/targetPools/test-mig-target-pool",
            "session_affinity": "NONE",
            "timeouts": null
          },
          "sensitive_attributes": [],
          "private": "eyJlMmJmYjczMC1lY2FhLTExZTYtOGY4OC0zNDM2M2JjN2M0YzAiOnsiY3JlYXRlIjoyNDAwMDAwMDAwMDAsImRlbGV0ZSI6MjQwMDAwMDAwMDAwLCJ1cGRhdGUiOjI0MDAwMDAwMDAwMH19",
          "dependencies": [
            "module.mig.google_compute_http_health_check.compute"
          ]
        }
      ]
    }
  ],
  "check_results": null
}
